
Microsoft Visual Studio Solution File, Format Version 12.00
# Visual Studio 14
VisualStudioVersion = 14.0.23107.0
MinimumVisualStudioVersion = 10.0.40219.1
Project("{FAE04EC0-301F-11D3-BF4B-00C04F79EFBC}") = "WebMVC", "WebMVC\WebMVC.csproj", "{C77E7A06-3A49-4167-AF31-044D9D934F2C}"
EndProject
Project("{FAE04EC0-301F-11D3-BF4B-00C04F79EFBC}") = "WebMVC.Tests", "WebMVC.Tests\WebMVC.Tests.csproj", "{5D797744-4C15-467E-A690-DA5C7C7CEB31}"
EndProject
Global
	GlobalSection(SolutionConfigurationPlatforms) = preSolution
		Debug|Any CPU = Debug|Any CPU
		Release|Any CPU = Release|Any CPU
	EndGlobalSection
	GlobalSection(ProjectConfigurationPlatforms) = postSolution
		{C77E7A06-3A49-4167-AF31-044D9D934F2C}.Debug|Any CPU.ActiveCfg = Debug|Any CPU
		{C77E7A06-3A49-4167-AF31-044D9D934F2C}.Debug|Any CPU.Build.0 = Debug|Any CPU
		{C77E7A06-3A49-4167-AF31-044D9D934F2C}.Release|Any CPU.ActiveCfg = Release|Any CPU
		{C77E7A06-3A49-4167-AF31-044D9D934F2C}.Release|Any CPU.Build.0 = Release|Any CPU
		{5D797744-4C15-467E-A690-DA5C7C7CEB31}.Debug|Any CPU.ActiveCfg = Debug|Any CPU
		{5D797744-4C15-467E-A690-DA5C7C7CEB31}.Debug|Any CPU.Build.0 = Debug|Any CPU
		{5D797744-4C15-467E-A690-DA5C7C7CEB31}.Release|Any CPU.ActiveCfg = Release|Any CPU
		{5D797744-4C15-467E-A690-DA5C7C7CEB31}.Release|Any CPU.Build.0 = Release|Any CPU
	EndGlobalSection
	GlobalSection(SolutionProperties) = preSolution
		HideSolutionNode = FALSE
	EndGlobalSection
EndGlobal
